
Microsoft Visual Studio Solution File, Format Version 12.00
# Visual Studio Version 16
VisualStudioVersion = 16.0.29613.14
MinimumVisualStudioVersion = 10.0.40219.1
Project("{FAE04EC0-301F-11D3-BF4B-00C04F79EFBC}") = "operacoes1", "operacoes1\operacoes1.csproj", "{15CEA7E3-3582-4C31-B55D-9E2CC7FD63C5}"
EndProject
Global
	GlobalSection(SolutionConfigurationPlatforms) = preSolution
		Debug|Any CPU = Debug|Any CPU
		Release|Any CPU = Release|Any CPU
	EndGlobalSection
	GlobalSection(ProjectConfigurationPlatforms) = postSolution
		{15CEA7E3-3582-4C31-B55D-9E2CC7FD63C5}.Debug|Any CPU.ActiveCfg = Debug|Any CPU
		{15CEA7E3-3582-4C31-B55D-9E2CC7FD63C5}.Debug|Any CPU.Build.0 = Debug|Any CPU
		{15CEA7E3-3582-4C31-B55D-9E2CC7FD63C5}.Release|Any CPU.ActiveCfg = Release|Any CPU
		{15CEA7E3-3582-4C31-B55D-9E2CC7FD63C5}.Release|Any CPU.Build.0 = Release|Any CPU
	EndGlobalSection
	GlobalSection(SolutionProperties) = preSolution
		HideSolutionNode = FALSE
	EndGlobalSection
	GlobalSection(ExtensibilityGlobals) = postSolution
		SolutionGuid = {60DDD0AD-28DF-4A59-BF5F-0A4941DD6430}
	EndGlobalSection
EndGlobal
