
Microsoft Visual Studio Solution File, Format Version 12.00
# Visual Studio Version 16
VisualStudioVersion = 16.0.29613.14
MinimumVisualStudioVersion = 10.0.40219.1
Project("{FAE04EC0-301F-11D3-BF4B-00C04F79EFBC}") = "Exercicio6", "Exercicio6\Exercicio6.csproj", "{D3551DF6-19D3-40F2-9916-AEC966D04805}"
EndProject
Global
	GlobalSection(SolutionConfigurationPlatforms) = preSolution
		Debug|Any CPU = Debug|Any CPU
		Release|Any CPU = Release|Any CPU
	EndGlobalSection
	GlobalSection(ProjectConfigurationPlatforms) = postSolution
		{D3551DF6-19D3-40F2-9916-AEC966D04805}.Debug|Any CPU.ActiveCfg = Debug|Any CPU
		{D3551DF6-19D3-40F2-9916-AEC966D04805}.Debug|Any CPU.Build.0 = Debug|Any CPU
		{D3551DF6-19D3-40F2-9916-AEC966D04805}.Release|Any CPU.ActiveCfg = Release|Any CPU
		{D3551DF6-19D3-40F2-9916-AEC966D04805}.Release|Any CPU.Build.0 = Release|Any CPU
	EndGlobalSection
	GlobalSection(SolutionProperties) = preSolution
		HideSolutionNode = FALSE
	EndGlobalSection
	GlobalSection(ExtensibilityGlobals) = postSolution
		SolutionGuid = {BA0EDC0F-C79E-49C1-AF74-148B8BD1A044}
	EndGlobalSection
EndGlobal
