
Microsoft Visual Studio Solution File, Format Version 12.00
# Visual Studio Version 16
VisualStudioVersion = 16.0.29613.14
MinimumVisualStudioVersion = 10.0.40219.1
Project("{FAE04EC0-301F-11D3-BF4B-00C04F79EFBC}") = "exemplo 1", "exemplo 1\exemplo 1.csproj", "{0253FDCB-49C3-436D-9398-11096931C75A}"
EndProject
Global
	GlobalSection(SolutionConfigurationPlatforms) = preSolution
		Debug|Any CPU = Debug|Any CPU
		Release|Any CPU = Release|Any CPU
	EndGlobalSection
	GlobalSection(ProjectConfigurationPlatforms) = postSolution
		{0253FDCB-49C3-436D-9398-11096931C75A}.Debug|Any CPU.ActiveCfg = Debug|Any CPU
		{0253FDCB-49C3-436D-9398-11096931C75A}.Debug|Any CPU.Build.0 = Debug|Any CPU
		{0253FDCB-49C3-436D-9398-11096931C75A}.Release|Any CPU.ActiveCfg = Release|Any CPU
		{0253FDCB-49C3-436D-9398-11096931C75A}.Release|Any CPU.Build.0 = Release|Any CPU
	EndGlobalSection
	GlobalSection(SolutionProperties) = preSolution
		HideSolutionNode = FALSE
	EndGlobalSection
	GlobalSection(ExtensibilityGlobals) = postSolution
		SolutionGuid = {D3478A7F-09C3-4B61-B4CE-731A9BE6FC4F}
	EndGlobalSection
EndGlobal
